
Microsoft Visual Studio Solution File, Format Version 12.00
# Visual Studio Version 17
VisualStudioVersion = 17.11.35327.3
MinimumVisualStudioVersion = 10.0.40219.1
Project("{FAE04EC0-301F-11D3-BF4B-00C04F79EFBC}") = "PassHash", "PassHash\PassHash.csproj", "{38B49FA6-2507-4BC9-B1DE-3598B666D351}"
EndProject
Global
	GlobalSection(SolutionConfigurationPlatforms) = preSolution
		Debug|Any CPU = Debug|Any CPU
		Release|Any CPU = Release|Any CPU
	EndGlobalSection
	GlobalSection(ProjectConfigurationPlatforms) = postSolution
		{38B49FA6-2507-4BC9-B1DE-3598B666D351}.Debug|Any CPU.ActiveCfg = Debug|Any CPU
		{38B49FA6-2507-4BC9-B1DE-3598B666D351}.Debug|Any CPU.Build.0 = Debug|Any CPU
		{38B49FA6-2507-4BC9-B1DE-3598B666D351}.Release|Any CPU.ActiveCfg = Release|Any CPU
		{38B49FA6-2507-4BC9-B1DE-3598B666D351}.Release|Any CPU.Build.0 = Release|Any CPU
	EndGlobalSection
	GlobalSection(SolutionProperties) = preSolution
		HideSolutionNode = FALSE
	EndGlobalSection
	GlobalSection(ExtensibilityGlobals) = postSolution
		SolutionGuid = {12EA4A1A-6F69-440B-A557-8312BCF6EF38}
	EndGlobalSection
EndGlobal
